
Microsoft Visual Studio Solution File, Format Version 12.00
# Visual Studio Version 16
VisualStudioVersion = 16.0.31005.135
MinimumVisualStudioVersion = 10.0.40219.1
Project("{FAE04EC0-301F-11D3-BF4B-00C04F79EFBC}") = "CarsWithManager", "CarsWithManager\CarsWithManager.csproj", "{45A245E8-87DC-4AB6-B16F-0478C7892110}"
EndProject
Project("{FAE04EC0-301F-11D3-BF4B-00C04F79EFBC}") = "CarsWithManagerTests", "CarsWithManagerTests\CarsWithManagerTests.csproj", "{A282EED1-549C-421B-B488-51448455CC64}"
EndProject
Global
	GlobalSection(SolutionConfigurationPlatforms) = preSolution
		Debug|Any CPU = Debug|Any CPU
		Release|Any CPU = Release|Any CPU
	EndGlobalSection
	GlobalSection(ProjectConfigurationPlatforms) = postSolution
		{45A245E8-87DC-4AB6-B16F-0478C7892110}.Debug|Any CPU.ActiveCfg = Debug|Any CPU
		{45A245E8-87DC-4AB6-B16F-0478C7892110}.Debug|Any CPU.Build.0 = Debug|Any CPU
		{45A245E8-87DC-4AB6-B16F-0478C7892110}.Release|Any CPU.ActiveCfg = Release|Any CPU
		{45A245E8-87DC-4AB6-B16F-0478C7892110}.Release|Any CPU.Build.0 = Release|Any CPU
		{A282EED1-549C-421B-B488-51448455CC64}.Debug|Any CPU.ActiveCfg = Debug|Any CPU
		{A282EED1-549C-421B-B488-51448455CC64}.Debug|Any CPU.Build.0 = Debug|Any CPU
		{A282EED1-549C-421B-B488-51448455CC64}.Release|Any CPU.ActiveCfg = Release|Any CPU
		{A282EED1-549C-421B-B488-51448455CC64}.Release|Any CPU.Build.0 = Release|Any CPU
	EndGlobalSection
	GlobalSection(SolutionProperties) = preSolution
		HideSolutionNode = FALSE
	EndGlobalSection
	GlobalSection(ExtensibilityGlobals) = postSolution
		SolutionGuid = {1E7DF147-D075-4F8D-9258-7C79D8C462CD}
	EndGlobalSection
EndGlobal
